
Microsoft Visual Studio Solution File, Format Version 12.00
# Visual Studio 14
VisualStudioVersion = 14.0.23107.0
MinimumVisualStudioVersion = 10.0.40219.1
Project("{FAE04EC0-301F-11D3-BF4B-00C04F79EFBC}") = "ATF.Data", "ATF.Data\ATF.Data.csproj", "{B06EE736-2C3F-4342-B547-389ED5D7AA25}"
EndProject
Project("{FAE04EC0-301F-11D3-BF4B-00C04F79EFBC}") = "ATF.Model", "ATF.Model\ATF.Model.csproj", "{54CF691B-3409-48A1-8CA5-0B174FAD42FD}"
EndProject
Project("{FAE04EC0-301F-11D3-BF4B-00C04F79EFBC}") = "ATF.UI", "ATF.UI\ATF.UI.csproj", "{BE37F004-6590-4736-8341-3F157E81522E}"
EndProject
Project("{00D1A9C2-B5F0-4AF3-8072-F6C62B433612}") = "ATF.Database", "ATF.Database\ATF.Database.sqlproj", "{67F34993-845C-498C-BD7B-727D88A38861}"
EndProject
Project("{FAE04EC0-301F-11D3-BF4B-00C04F79EFBC}") = "ATF.Core", "ATF.Core\ATF.Core.csproj", "{059B3D18-AC3E-4C6B-9CED-9CCF69AE4D40}"
EndProject
Project("{00D1A9C2-B5F0-4AF3-8072-F6C62B433612}") = "ATF.MockBrokerDB", "ATF.MockBroker\ATF.MockBrokerDB.sqlproj", "{5716E2F8-64F9-4653-8044-50C07238480B}"
EndProject
Project("{FAE04EC0-301F-11D3-BF4B-00C04F79EFBC}") = "ATF.StockAPI", "ATF.StockAPI\ATF.StockAPI.csproj", "{100FCF00-EF55-4DE7-B581-EB8683451B30}"
EndProject
Project("{FAE04EC0-301F-11D3-BF4B-00C04F79EFBC}") = "StockBrokerService", "StockBrokerService\StockBrokerService.csproj", "{68F0E674-AB53-4FEF-9B55-CBCCD9407292}"
EndProject
Global
	GlobalSection(SolutionConfigurationPlatforms) = preSolution
		Debug|Any CPU = Debug|Any CPU
		Release|Any CPU = Release|Any CPU
	EndGlobalSection
	GlobalSection(ProjectConfigurationPlatforms) = postSolution
		{B06EE736-2C3F-4342-B547-389ED5D7AA25}.Debug|Any CPU.ActiveCfg = Debug|Any CPU
		{B06EE736-2C3F-4342-B547-389ED5D7AA25}.Debug|Any CPU.Build.0 = Debug|Any CPU
		{B06EE736-2C3F-4342-B547-389ED5D7AA25}.Release|Any CPU.ActiveCfg = Release|Any CPU
		{B06EE736-2C3F-4342-B547-389ED5D7AA25}.Release|Any CPU.Build.0 = Release|Any CPU
		{54CF691B-3409-48A1-8CA5-0B174FAD42FD}.Debug|Any CPU.ActiveCfg = Debug|Any CPU
		{54CF691B-3409-48A1-8CA5-0B174FAD42FD}.Debug|Any CPU.Build.0 = Debug|Any CPU
		{54CF691B-3409-48A1-8CA5-0B174FAD42FD}.Release|Any CPU.ActiveCfg = Release|Any CPU
		{54CF691B-3409-48A1-8CA5-0B174FAD42FD}.Release|Any CPU.Build.0 = Release|Any CPU
		{BE37F004-6590-4736-8341-3F157E81522E}.Debug|Any CPU.ActiveCfg = Debug|Any CPU
		{BE37F004-6590-4736-8341-3F157E81522E}.Debug|Any CPU.Build.0 = Debug|Any CPU
		{BE37F004-6590-4736-8341-3F157E81522E}.Release|Any CPU.ActiveCfg = Release|Any CPU
		{BE37F004-6590-4736-8341-3F157E81522E}.Release|Any CPU.Build.0 = Release|Any CPU
		{67F34993-845C-498C-BD7B-727D88A38861}.Debug|Any CPU.ActiveCfg = Debug|Any CPU
		{67F34993-845C-498C-BD7B-727D88A38861}.Debug|Any CPU.Build.0 = Debug|Any CPU
		{67F34993-845C-498C-BD7B-727D88A38861}.Debug|Any CPU.Deploy.0 = Debug|Any CPU
		{67F34993-845C-498C-BD7B-727D88A38861}.Release|Any CPU.ActiveCfg = Release|Any CPU
		{67F34993-845C-498C-BD7B-727D88A38861}.Release|Any CPU.Build.0 = Release|Any CPU
		{67F34993-845C-498C-BD7B-727D88A38861}.Release|Any CPU.Deploy.0 = Release|Any CPU
		{059B3D18-AC3E-4C6B-9CED-9CCF69AE4D40}.Debug|Any CPU.ActiveCfg = Debug|Any CPU
		{059B3D18-AC3E-4C6B-9CED-9CCF69AE4D40}.Debug|Any CPU.Build.0 = Debug|Any CPU
		{059B3D18-AC3E-4C6B-9CED-9CCF69AE4D40}.Release|Any CPU.ActiveCfg = Release|Any CPU
		{059B3D18-AC3E-4C6B-9CED-9CCF69AE4D40}.Release|Any CPU.Build.0 = Release|Any CPU
		{5716E2F8-64F9-4653-8044-50C07238480B}.Debug|Any CPU.ActiveCfg = Debug|Any CPU
		{5716E2F8-64F9-4653-8044-50C07238480B}.Debug|Any CPU.Build.0 = Debug|Any CPU
		{5716E2F8-64F9-4653-8044-50C07238480B}.Debug|Any CPU.Deploy.0 = Debug|Any CPU
		{5716E2F8-64F9-4653-8044-50C07238480B}.Release|Any CPU.ActiveCfg = Release|Any CPU
		{5716E2F8-64F9-4653-8044-50C07238480B}.Release|Any CPU.Build.0 = Release|Any CPU
		{5716E2F8-64F9-4653-8044-50C07238480B}.Release|Any CPU.Deploy.0 = Release|Any CPU
		{100FCF00-EF55-4DE7-B581-EB8683451B30}.Debug|Any CPU.ActiveCfg = Debug|Any CPU
		{100FCF00-EF55-4DE7-B581-EB8683451B30}.Debug|Any CPU.Build.0 = Debug|Any CPU
		{100FCF00-EF55-4DE7-B581-EB8683451B30}.Release|Any CPU.ActiveCfg = Release|Any CPU
		{100FCF00-EF55-4DE7-B581-EB8683451B30}.Release|Any CPU.Build.0 = Release|Any CPU
		{68F0E674-AB53-4FEF-9B55-CBCCD9407292}.Debug|Any CPU.ActiveCfg = Debug|Any CPU
		{68F0E674-AB53-4FEF-9B55-CBCCD9407292}.Debug|Any CPU.Build.0 = Debug|Any CPU
		{68F0E674-AB53-4FEF-9B55-CBCCD9407292}.Release|Any CPU.ActiveCfg = Release|Any CPU
		{68F0E674-AB53-4FEF-9B55-CBCCD9407292}.Release|Any CPU.Build.0 = Release|Any CPU
	EndGlobalSection
	GlobalSection(SolutionProperties) = preSolution
		HideSolutionNode = FALSE
	EndGlobalSection
EndGlobal
